
Microsoft Visual Studio Solution File, Format Version 12.00
# Visual Studio Version 17
VisualStudioVersion = 17.12.35707.178 d17.12
MinimumVisualStudioVersion = 10.0.40219.1
Project("{FAE04EC0-301F-11D3-BF4B-00C04F79EFBC}") = "AbstractClass2", "AbstractClass2\AbstractClass2.csproj", "{D3F8CD9A-8E91-4A35-AB78-AFC13EC2025F}"
EndProject
Global
	GlobalSection(SolutionConfigurationPlatforms) = preSolution
		Debug|Any CPU = Debug|Any CPU
		Release|Any CPU = Release|Any CPU
	EndGlobalSection
	GlobalSection(ProjectConfigurationPlatforms) = postSolution
		{D3F8CD9A-8E91-4A35-AB78-AFC13EC2025F}.Debug|Any CPU.ActiveCfg = Debug|Any CPU
		{D3F8CD9A-8E91-4A35-AB78-AFC13EC2025F}.Debug|Any CPU.Build.0 = Debug|Any CPU
		{D3F8CD9A-8E91-4A35-AB78-AFC13EC2025F}.Release|Any CPU.ActiveCfg = Release|Any CPU
		{D3F8CD9A-8E91-4A35-AB78-AFC13EC2025F}.Release|Any CPU.Build.0 = Release|Any CPU
	EndGlobalSection
	GlobalSection(SolutionProperties) = preSolution
		HideSolutionNode = FALSE
	EndGlobalSection
EndGlobal
